
Microsoft Visual Studio Solution File, Format Version 12.00
# Visual Studio Version 16
VisualStudioVersion = 16.0.30413.136
MinimumVisualStudioVersion = 10.0.40219.1
Project("{FAE04EC0-301F-11D3-BF4B-00C04F79EFBC}") = "WebAPI", "WebAPI\WebAPI.csproj", "{C9A67796-398C-40CF-A25C-3CDD3AA200D1}"
EndProject
Global
	GlobalSection(SolutionConfigurationPlatforms) = preSolution
		Debug|Any CPU = Debug|Any CPU
		Release|Any CPU = Release|Any CPU
	EndGlobalSection
	GlobalSection(ProjectConfigurationPlatforms) = postSolution
		{C9A67796-398C-40CF-A25C-3CDD3AA200D1}.Debug|Any CPU.ActiveCfg = Debug|Any CPU
		{C9A67796-398C-40CF-A25C-3CDD3AA200D1}.Debug|Any CPU.Build.0 = Debug|Any CPU
		{C9A67796-398C-40CF-A25C-3CDD3AA200D1}.Release|Any CPU.ActiveCfg = Release|Any CPU
		{C9A67796-398C-40CF-A25C-3CDD3AA200D1}.Release|Any CPU.Build.0 = Release|Any CPU
	EndGlobalSection
	GlobalSection(SolutionProperties) = preSolution
		HideSolutionNode = FALSE
	EndGlobalSection
	GlobalSection(ExtensibilityGlobals) = postSolution
		SolutionGuid = {DD38DF88-9327-4792-B364-BF5C87BFFC86}
	EndGlobalSection
EndGlobal
